// !$*UTF8*$!
{
	archiveVersion = 1;
	classes = {
	};
	objectVersion = 77;
	objects = {

/* Begin PBXContainerItemProxy section */
		F7F726E32CFDB43B0080593D /* PBXContainerItemProxy */ = {
			isa = PBXContainerItemProxy;
			containerPortal = F7F726C42CFDB4390080593D /* Project object */;
			proxyType = 1;
			remoteGlobalIDString = F7F726CB2CFDB4390080593D;
			remoteInfo = OrionChallenge;
		};
		F7F726ED2CFDB43B0080593D /* PBXContainerItemProxy */ = {
			isa = PBXContainerItemProxy;
			containerPortal = F7F726C42CFDB4390080593D /* Project object */;
			proxyType = 1;
			remoteGlobalIDString = F7F726CB2CFDB4390080593D;
			remoteInfo = OrionChallenge;
		};
/* End PBXContainerItemProxy section */

/* Begin PBXFileReference section */
		F7F726CC2CFDB4390080593D /* OrionChallenge.app */ = {isa = PBXFileReference; explicitFileType = wrapper.application; includeInIndex = 0; path = OrionChallenge.app; sourceTree = BUILT_PRODUCTS_DIR; };
		F7F726E22CFDB43B0080593D /* OrionChallengeTests.xctest */ = {isa = PBXFileReference; explicitFileType = wrapper.cfbundle; includeInIndex = 0; path = OrionChallengeTests.xctest; sourceTree = BUILT_PRODUCTS_DIR; };
		F7F726EC2CFDB43B0080593D /* OrionChallengeUITests.xctest */ = {isa = PBXFileReference; explicitFileType = wrapper.cfbundle; includeInIndex = 0; path = OrionChallengeUITests.xctest; sourceTree = BUILT_PRODUCTS_DIR; };
/* End PBXFileReference section */

/* Begin PBXFileSystemSynchronizedBuildFileExceptionSet section */
		F7F726F42CFDB43B0080593D /* Exceptions for "OrionChallenge" folder in "OrionChallenge" target */ = {
			isa = PBXFileSystemSynchronizedBuildFileExceptionSet;
			membershipExceptions = (
				Info.plist,
			);
			target = F7F726CB2CFDB4390080593D /* OrionChallenge */;
		};
/* End PBXFileSystemSynchronizedBuildFileExceptionSet section */

/* Begin PBXFileSystemSynchronizedRootGroup section */
		F7F726CE2CFDB4390080593D /* OrionChallenge */ = {
			isa = PBXFileSystemSynchronizedRootGroup;
			exceptions = (
				F7F726F42CFDB43B0080593D /* Exceptions for "OrionChallenge" folder in "OrionChallenge" target */,
			);
			path = OrionChallenge;
			sourceTree = "<group>";
		};
		F7F726E52CFDB43B0080593D /* OrionChallengeTests */ = {
			isa = PBXFileSystemSynchronizedRootGroup;
			path = OrionChallengeTests;
			sourceTree = "<group>";
		};
		F7F726EF2CFDB43B0080593D /* OrionChallengeUITests */ = {
			isa = PBXFileSystemSynchronizedRootGroup;
			path = OrionChallengeUITests;
			sourceTree = "<group>";
		};
/* End PBXFileSystemSynchronizedRootGroup section */

/* Begin PBXFrameworksBuildPhase section */
		F7F726C92CFDB4390080593D /* Frameworks */ = {
			isa = PBXFrameworksBuildPhase;
			buildActionMask = 2147483647;
			files = (
			);
			runOnlyForDeploymentPostprocessing = 0;
		};
		F7F726DF2CFDB43B0080593D /* Frameworks */ = {
			isa = PBXFrameworksBuildPhase;
			buildActionMask = 2147483647;
			files = (
			);
			runOnlyForDeploymentPostprocessing = 0;
		};
		F7F726E92CFDB43B0080593D /* Frameworks */ = {
			isa = PBXFrameworksBuildPhase;
			buildActionMask = 2147483647;
			files = (
			);
			runOnlyForDeploymentPostprocessing = 0;
		};
/* End PBXFrameworksBuildPhase section */

/* Begin PBXGroup section */
		F7F726C32CFDB4390080593D = {
			isa = PBXGroup;
			children = (
				F7F726CE2CFDB4390080593D /* OrionChallenge */,
				F7F726E52CFDB43B0080593D /* OrionChallengeTests */,
				F7F726EF2CFDB43B0080593D /* OrionChallengeUITests */,
				F7F726CD2CFDB4390080593D /* Products */,
			);
			sourceTree = "<group>";
		};
		F7F726CD2CFDB4390080593D /* Products */ = {
			isa = PBXGroup;
			children = (
				F7F726CC2CFDB4390080593D /* OrionChallenge.app */,
				F7F726E22CFDB43B0080593D /* OrionChallengeTests.xctest */,
				F7F726EC2CFDB43B0080593D /* OrionChallengeUITests.xctest */,
			);
			name = Products;
			sourceTree = "<group>";
		};
/* End PBXGroup section */

/* Begin PBXNativeTarget section */
		F7F726CB2CFDB4390080593D /* OrionChallenge */ = {
			isa = PBXNativeTarget;
			buildConfigurationList = F7F726F52CFDB43B0080593D /* Build configuration list for PBXNativeTarget "OrionChallenge" */;
			buildPhases = (
				F7F726C82CFDB4390080593D /* Sources */,
				F7F726C92CFDB4390080593D /* Frameworks */,
				F7F726CA2CFDB4390080593D /* Resources */,
			);
			buildRules = (
			);
			dependencies = (
			);
			fileSystemSynchronizedGroups = (
				F7F726CE2CFDB4390080593D /* OrionChallenge */,
			);
			name = OrionChallenge;
			packageProductDependencies = (
			);
			productName = OrionChallenge;
			productReference = F7F726CC2CFDB4390080593D /* OrionChallenge.app */;
			productType = "com.apple.product-type.application";
		};
		F7F726E12CFDB43B0080593D /* OrionChallengeTests */ = {
			isa = PBXNativeTarget;
			buildConfigurationList = F7F726FA2CFDB43B0080593D /* Build configuration list for PBXNativeTarget "OrionChallengeTests" */;
			buildPhases = (
				F7F726DE2CFDB43B0080593D /* Sources */,
				F7F726DF2CFDB43B0080593D /* Frameworks */,
				F7F726E02CFDB43B0080593D /* Resources */,
			);
			buildRules = (
			);
			dependencies = (
				F7F726E42CFDB43B0080593D /* PBXTargetDependency */,
			);
			fileSystemSynchronizedGroups = (
				F7F726E52CFDB43B0080593D /* OrionChallengeTests */,
			);
			name = OrionChallengeTests;
			packageProductDependencies = (
			);
			productName = OrionChallengeTests;
			productReference = F7F726E22CFDB43B0080593D /* OrionChallengeTests.xctest */;
			productType = "com.apple.product-type.bundle.unit-test";
		};
		F7F726EB2CFDB43B0080593D /* OrionChallengeUITests */ = {
			isa = PBXNativeTarget;
			buildConfigurationList = F7F726FD2CFDB43B0080593D /* Build configuration list for PBXNativeTarget "OrionChallengeUITests" */;
			buildPhases = (
				F7F726E82CFDB43B0080593D /* Sources */,
				F7F726E92CFDB43B0080593D /* Frameworks */,
				F7F726EA2CFDB43B0080593D /* Resources */,
			);
			buildRules = (
			);
			dependencies = (
				F7F726EE2CFDB43B0080593D /* PBXTargetDependency */,
			);
			fileSystemSynchronizedGroups = (
				F7F726EF2CFDB43B0080593D /* OrionChallengeUITests */,
			);
			name = OrionChallengeUITests;
			packageProductDependencies = (
			);
			productName = OrionChallengeUITests;
			productReference = F7F726EC2CFDB43B0080593D /* OrionChallengeUITests.xctest */;
			productType = "com.apple.product-type.bundle.ui-testing";
		};
/* End PBXNativeTarget section */

/* Begin PBXProject section */
		F7F726C42CFDB4390080593D /* Project object */ = {
			isa = PBXProject;
			attributes = {
				BuildIndependentTargetsInParallel = 1;
				LastSwiftUpdateCheck = 1610;
				LastUpgradeCheck = 1610;
				ORGANIZATIONNAME = "Jean-Étienne Parrot";
				TargetAttributes = {
					F7F726CB2CFDB4390080593D = {
						CreatedOnToolsVersion = 16.1;
					};
					F7F726E12CFDB43B0080593D = {
						CreatedOnToolsVersion = 16.1;
						TestTargetID = F7F726CB2CFDB4390080593D;
					};
					F7F726EB2CFDB43B0080593D = {
						CreatedOnToolsVersion = 16.1;
						TestTargetID = F7F726CB2CFDB4390080593D;
					};
				};
			};
			buildConfigurationList = F7F726C72CFDB4390080593D /* Build configuration list for PBXProject "OrionChallenge" */;
			developmentRegion = en;
			hasScannedForEncodings = 0;
			knownRegions = (
				en,
				Base,
			);
			mainGroup = F7F726C32CFDB4390080593D;
			minimizedProjectReferenceProxies = 1;
			preferredProjectObjectVersion = 77;
			productRefGroup = F7F726CD2CFDB4390080593D /* Products */;
			projectDirPath = "";
			projectRoot = "";
			targets = (
				F7F726CB2CFDB4390080593D /* OrionChallenge */,
				F7F726E12CFDB43B0080593D /* OrionChallengeTests */,
				F7F726EB2CFDB43B0080593D /* OrionChallengeUITests */,
			);
		};
/* End PBXProject section */

/* Begin PBXResourcesBuildPhase section */
		F7F726CA2CFDB4390080593D /* Resources */ = {
			isa = PBXResourcesBuildPhase;
			buildActionMask = 2147483647;
			files = (
			);
			runOnlyForDeploymentPostprocessing = 0;
		};
		F7F726E02CFDB43B0080593D /* Resources */ = {
			isa = PBXResourcesBuildPhase;
			buildActionMask = 2147483647;
			files = (
			);
			runOnlyForDeploymentPostprocessing = 0;
		};
		F7F726EA2CFDB43B0080593D /* Resources */ = {
			isa = PBXResourcesBuildPhase;
			buildActionMask = 2147483647;
			files = (
			);
			runOnlyForDeploymentPostprocessing = 0;
		};
/* End PBXResourcesBuildPhase section */

/* Begin PBXSourcesBuildPhase section */
		F7F726C82CFDB4390080593D /* Sources */ = {
			isa = PBXSourcesBuildPhase;
			buildActionMask = 2147483647;
			files = (
			);
			runOnlyForDeploymentPostprocessing = 0;
		};
		F7F726DE2CFDB43B0080593D /* Sources */ = {
			isa = PBXSourcesBuildPhase;
			buildActionMask = 2147483647;
			files = (
			);
			runOnlyForDeploymentPostprocessing = 0;
		};
		F7F726E82CFDB43B0080593D /* Sources */ = {
			isa = PBXSourcesBuildPhase;
			buildActionMask = 2147483647;
			files = (
			);
			runOnlyForDeploymentPostprocessing = 0;
		};
/* End PBXSourcesBuildPhase section */

/* Begin PBXTargetDependency section */
		F7F726E42CFDB43B0080593D /* PBXTargetDependency */ = {
			isa = PBXTargetDependency;
			target = F7F726CB2CFDB4390080593D /* OrionChallenge */;
			targetProxy = F7F726E32CFDB43B0080593D /* PBXContainerItemProxy */;
		};
		F7F726EE2CFDB43B0080593D /* PBXTargetDependency */ = {
			isa = PBXTargetDependency;
			target = F7F726CB2CFDB4390080593D /* OrionChallenge */;
			targetProxy = F7F726ED2CFDB43B0080593D /* PBXContainerItemProxy */;
		};
/* End PBXTargetDependency section */

/* Begin XCBuildConfiguration section */
		F7F726F62CFDB43B0080593D /* Debug */ = {
			isa = XCBuildConfiguration;
			buildSettings = {
				ASSETCATALOG_COMPILER_APPICON_NAME = AppIcon;
				ASSETCATALOG_COMPILER_GLOBAL_ACCENT_COLOR_NAME = AccentColor;
				CODE_SIGN_STYLE = Automatic;
				CURRENT_PROJECT_VERSION = 1;
				DEVELOPMENT_TEAM = N44EJ7YB22;
				GENERATE_INFOPLIST_FILE = YES;
				INFOPLIST_FILE = OrionChallenge/Info.plist;
				INFOPLIST_KEY_UIApplicationSupportsIndirectInputEvents = YES;
				INFOPLIST_KEY_UILaunchStoryboardName = LaunchScreen;
				INFOPLIST_KEY_UISupportedInterfaceOrientations_iPad = "UIInterfaceOrientationPortrait UIInterfaceOrientationPortraitUpsideDown UIInterfaceOrientationLandscapeLeft UIInterfaceOrientationLandscapeRight";
				INFOPLIST_KEY_UISupportedInterfaceOrientations_iPhone = "UIInterfaceOrientationPortrait UIInterfaceOrientationLandscapeLeft UIInterfaceOrientationLandscapeRight";
				IPHONEOS_DEPLOYMENT_TARGET = 13;
				LD_RUNPATH_SEARCH_PATHS = (
					"$(inherited)",
					"@executable_path/Frameworks",
				);
				MARKETING_VERSION = 1.0;
				PRODUCT_BUNDLE_IDENTIFIER = net.jeanetienne.OrionChallenge;
				PRODUCT_NAME = "$(TARGET_NAME)";
				SUPPORTED_PLATFORMS = "iphoneos iphonesimulator";
				SUPPORTS_MACCATALYST = NO;
				SUPPORTS_MAC_DESIGNED_FOR_IPHONE_IPAD = NO;
				SUPPORTS_XR_DESIGNED_FOR_IPHONE_IPAD = NO;
				SWIFT_EMIT_LOC_STRINGS = YES;
				SWIFT_VERSION = 5.0;
				TARGETED_DEVICE_FAMILY = "1,2";
			};
			name = Debug;
		};
		F7F726F72CFDB43B0080593D /* Release */ = {
			isa = XCBuildConfiguration;
			buildSettings = {
				ASSETCATALOG_COMPILER_APPICON_NAME = AppIcon;
				ASSETCATALOG_COMPILER_GLOBAL_ACCENT_COLOR_NAME = AccentColor;
				CODE_SIGN_STYLE = Automatic;
				CURRENT_PROJECT_VERSION = 1;
				DEVELOPMENT_TEAM = N44EJ7YB22;
				GENERATE_INFOPLIST_FILE = YES;
				INFOPLIST_FILE = OrionChallenge/Info.plist;
				INFOPLIST_KEY_UIApplicationSupportsIndirectInputEvents = YES;
				INFOPLIST_KEY_UILaunchStoryboardName = LaunchScreen;
				INFOPLIST_KEY_UISupportedInterfaceOrientations_iPad = "UIInterfaceOrientationPortrait UIInterfaceOrientationPortraitUpsideDown UIInterfaceOrientationLandscapeLeft UIInterfaceOrientationLandscapeRight";
				INFOPLIST_KEY_UISupportedInterfaceOrientations_iPhone = "UIInterfaceOrientationPortrait UIInterfaceOrientationLandscapeLeft UIInterfaceOrientationLandscapeRight";
				IPHONEOS_DEPLOYMENT_TARGET = 13;
				LD_RUNPATH_SEARCH_PATHS = (
					"$(inherited)",
					"@executable_path/Frameworks",
				);
				MARKETING_VERSION = 1.0;
				PRODUCT_BUNDLE_IDENTIFIER = net.jeanetienne.OrionChallenge;
				PRODUCT_NAME = "$(TARGET_NAME)";
				SUPPORTED_PLATFORMS = "iphoneos iphonesimulator";
				SUPPORTS_MACCATALYST = NO;
				SUPPORTS_MAC_DESIGNED_FOR_IPHONE_IPAD = NO;
				SUPPORTS_XR_DESIGNED_FOR_IPHONE_IPAD = NO;
				SWIFT_EMIT_LOC_STRINGS = YES;
				SWIFT_VERSION = 5.0;
				TARGETED_DEVICE_FAMILY = "1,2";
			};
			name = Release;
		};
		F7F726F82CFDB43B0080593D /* Debug */ = {
			isa = XCBuildConfiguration;
			buildSettings = {
				ALWAYS_SEARCH_USER_PATHS = NO;
				ASSETCATALOG_COMPILER_GENERATE_SWIFT_ASSET_SYMBOL_EXTENSIONS = YES;
				CLANG_ANALYZER_NONNULL = YES;
				CLANG_ANALYZER_NUMBER_OBJECT_CONVERSION = YES_AGGRESSIVE;
				CLANG_CXX_LANGUAGE_STANDARD = "gnu++20";
				CLANG_ENABLE_MODULES = YES;
				CLANG_ENABLE_OBJC_ARC = YES;
				CLANG_ENABLE_OBJC_WEAK = YES;
				CLANG_WARN_BLOCK_CAPTURE_AUTORELEASING = YES;
				CLANG_WARN_BOOL_CONVERSION = YES;
				CLANG_WARN_COMMA = YES;
				CLANG_WARN_CONSTANT_CONVERSION = YES;
				CLANG_WARN_DEPRECATED_OBJC_IMPLEMENTATIONS = YES;
				CLANG_WARN_DIRECT_OBJC_ISA_USAGE = YES_ERROR;
				CLANG_WARN_DOCUMENTATION_COMMENTS = YES;
				CLANG_WARN_EMPTY_BODY = YES;
				CLANG_WARN_ENUM_CONVERSION = YES;
				CLANG_WARN_INFINITE_RECURSION = YES;
				CLANG_WARN_INT_CONVERSION = YES;
				CLANG_WARN_NON_LITERAL_NULL_CONVERSION = YES;
				CLANG_WARN_OBJC_IMPLICIT_RETAIN_SELF = YES;
				CLANG_WARN_OBJC_LITERAL_CONVERSION = YES;
				CLANG_WARN_OBJC_ROOT_CLASS = YES_ERROR;
				CLANG_WARN_QUOTED_INCLUDE_IN_FRAMEWORK_HEADER = YES;
				CLANG_WARN_RANGE_LOOP_ANALYSIS = YES;
				CLANG_WARN_STRICT_PROTOTYPES = YES;
				CLANG_WARN_SUSPICIOUS_MOVE = YES;
				CLANG_WARN_UNGUARDED_AVAILABILITY = YES_AGGRESSIVE;
				CLANG_WARN_UNREACHABLE_CODE = YES;
				CLANG_WARN__DUPLICATE_METHOD_MATCH = YES;
				COPY_PHASE_STRIP = NO;
				DEBUG_INFORMATION_FORMAT = dwarf;
				ENABLE_STRICT_OBJC_MSGSEND = YES;
				ENABLE_TESTABILITY = YES;
				ENABLE_USER_SCRIPT_SANDBOXING = YES;
				GCC_C_LANGUAGE_STANDARD = gnu17;
				GCC_DYNAMIC_NO_PIC = NO;
				GCC_NO_COMMON_BLOCKS = YES;
				GCC_OPTIMIZATION_LEVEL = 0;
				GCC_PREPROCESSOR_DEFINITIONS = (
					"DEBUG=1",
					"$(inherited)",
				);
				GCC_WARN_64_TO_32_BIT_CONVERSION = YES;
				GCC_WARN_ABOUT_RETURN_TYPE = YES_ERROR;
				GCC_WARN_UNDECLARED_SELECTOR = YES;
				GCC_WARN_UNINITIALIZED_AUTOS = YES_AGGRESSIVE;
				GCC_WARN_UNUSED_FUNCTION = YES;
				GCC_WARN_UNUSED_VARIABLE = YES;
				IPHONEOS_DEPLOYMENT_TARGET = 18.1;
				LOCALIZATION_PREFERS_STRING_CATALOGS = YES;
				MTL_ENABLE_DEBUG_INFO = INCLUDE_SOURCE;
				MTL_FAST_MATH = YES;
				ONLY_ACTIVE_ARCH = YES;
				SDKROOT = iphoneos;
				SWIFT_ACTIVE_COMPILATION_CONDITIONS = "DEBUG $(inherited)";
				SWIFT_OPTIMIZATION_LEVEL = "-Onone";
			};
			name = Debug;
		};
		F7F726F92CFDB43B0080593D /* Release */ = {
			isa = XCBuildConfiguration;
			buildSettings = {
				ALWAYS_SEARCH_USER_PATHS = NO;
				ASSETCATALOG_COMPILER_GENERATE_SWIFT_ASSET_SYMBOL_EXTENSIONS = YES;
				CLANG_ANALYZER_NONNULL = YES;
				CLANG_ANALYZER_NUMBER_OBJECT_CONVERSION = YES_AGGRESSIVE;
				CLANG_CXX_LANGUAGE_STANDARD = "gnu++20";
				CLANG_ENABLE_MODULES = YES;
				CLANG_ENABLE_OBJC_ARC = YES;
				CLANG_ENABLE_OBJC_WEAK = YES;
				CLANG_WARN_BLOCK_CAPTURE_AUTORELEASING = YES;
				CLANG_WARN_BOOL_CONVERSION = YES;
				CLANG_WARN_COMMA = YES;
				CLANG_WARN_CONSTANT_CONVERSION = YES;
				CLANG_WARN_DEPRECATED_OBJC_IMPLEMENTATIONS = YES;
				CLANG_WARN_DIRECT_OBJC_ISA_USAGE = YES_ERROR;
				CLANG_WARN_DOCUMENTATION_COMMENTS = YES;
				CLANG_WARN_EMPTY_BODY = YES;
				CLANG_WARN_ENUM_CONVERSION = YES;
				CLANG_WARN_INFINITE_RECURSION = YES;
				CLANG_WARN_INT_CONVERSION = YES;
				CLANG_WARN_NON_LITERAL_NULL_CONVERSION = YES;
				CLANG_WARN_OBJC_IMPLICIT_RETAIN_SELF = YES;
				CLANG_WARN_OBJC_LITERAL_CONVERSION = YES;
				CLANG_WARN_OBJC_ROOT_CLASS = YES_ERROR;
				CLANG_WARN_QUOTED_INCLUDE_IN_FRAMEWORK_HEADER = YES;
				CLANG_WARN_RANGE_LOOP_ANALYSIS = YES;
				CLANG_WARN_STRICT_PROTOTYPES = YES;
				CLANG_WARN_SUSPICIOUS_MOVE = YES;
				CLANG_WARN_UNGUARDED_AVAILABILITY = YES_AGGRESSIVE;
				CLANG_WARN_UNREACHABLE_CODE = YES;
				CLANG_WARN__DUPLICATE_METHOD_MATCH = YES;
				COPY_PHASE_STRIP = NO;
				DEBUG_INFORMATION_FORMAT = "dwarf-with-dsym";
				ENABLE_NS_ASSERTIONS = NO;
				ENABLE_STRICT_OBJC_MSGSEND = YES;
				ENABLE_USER_SCRIPT_SANDBOXING = YES;
				GCC_C_LANGUAGE_STANDARD = gnu17;
				GCC_NO_COMMON_BLOCKS = YES;
				GCC_WARN_64_TO_32_BIT_CONVERSION = YES;
				GCC_WARN_ABOUT_RETURN_TYPE = YES_ERROR;
				GCC_WARN_UNDECLARED_SELECTOR = YES;
				GCC_WARN_UNINITIALIZED_AUTOS = YES_AGGRESSIVE;
				GCC_WARN_UNUSED_FUNCTION = YES;
				GCC_WARN_UNUSED_VARIABLE = YES;
				IPHONEOS_DEPLOYMENT_TARGET = 18.1;
				LOCALIZATION_PREFERS_STRING_CATALOGS = YES;
				MTL_ENABLE_DEBUG_INFO = NO;
				MTL_FAST_MATH = YES;
				SDKROOT = iphoneos;
				SWIFT_COMPILATION_MODE = wholemodule;
				VALIDATE_PRODUCT = YES;
			};
			name = Release;
		};
		F7F726FB2CFDB43B0080593D /* Debug */ = {
			isa = XCBuildConfiguration;
			buildSettings = {
				BUNDLE_LOADER = "$(TEST_HOST)";
				CODE_SIGN_STYLE = Automatic;
				CURRENT_PROJECT_VERSION = 1;
				DEVELOPMENT_TEAM = N44EJ7YB22;
				GENERATE_INFOPLIST_FILE = YES;
				IPHONEOS_DEPLOYMENT_TARGET = 18.1;
				MARKETING_VERSION = 1.0;
				PRODUCT_BUNDLE_IDENTIFIER = net.jeanetienne.OrionChallengeTests;
				PRODUCT_NAME = "$(TARGET_NAME)";
				SWIFT_EMIT_LOC_STRINGS = NO;
				SWIFT_VERSION = 5.0;
				TARGETED_DEVICE_FAMILY = "1,2";
				TEST_HOST = "$(BUILT_PRODUCTS_DIR)/OrionChallenge.app/$(BUNDLE_EXECUTABLE_FOLDER_PATH)/OrionChallenge";
			};
			name = Debug;
		};
		F7F726FC2CFDB43B0080593D /* Release */ = {
			isa = XCBuildConfiguration;
			buildSettings = {
				BUNDLE_LOADER = "$(TEST_HOST)";
				CODE_SIGN_STYLE = Automatic;
				CURRENT_PROJECT_VERSION = 1;
				DEVELOPMENT_TEAM = N44EJ7YB22;
				GENERATE_INFOPLIST_FILE = YES;
				IPHONEOS_DEPLOYMENT_TARGET = 18.1;
				MARKETING_VERSION = 1.0;
				PRODUCT_BUNDLE_IDENTIFIER = net.jeanetienne.OrionChallengeTests;
				PRODUCT_NAME = "$(TARGET_NAME)";
				SWIFT_EMIT_LOC_STRINGS = NO;
				SWIFT_VERSION = 5.0;
				TARGETED_DEVICE_FAMILY = "1,2";
				TEST_HOST = "$(BUILT_PRODUCTS_DIR)/OrionChallenge.app/$(BUNDLE_EXECUTABLE_FOLDER_PATH)/OrionChallenge";
			};
			name = Release;
		};
		F7F726FE2CFDB43B0080593D /* Debug */ = {
			isa = XCBuildConfiguration;
			buildSettings = {
				CODE_SIGN_STYLE = Automatic;
				CURRENT_PROJECT_VERSION = 1;
				DEVELOPMENT_TEAM = N44EJ7YB22;
				GENERATE_INFOPLIST_FILE = YES;
				MARKETING_VERSION = 1.0;
				PRODUCT_BUNDLE_IDENTIFIER = net.jeanetienne.OrionChallengeUITests;
				PRODUCT_NAME = "$(TARGET_NAME)";
				SWIFT_EMIT_LOC_STRINGS = NO;
				SWIFT_VERSION = 5.0;
				TARGETED_DEVICE_FAMILY = "1,2";
				TEST_TARGET_NAME = OrionChallenge;
			};
			name = Debug;
		};
		F7F726FF2CFDB43B0080593D /* Release */ = {
			isa = XCBuildConfiguration;
			buildSettings = {
				CODE_SIGN_STYLE = Automatic;
				CURRENT_PROJECT_VERSION = 1;
				DEVELOPMENT_TEAM = N44EJ7YB22;
				GENERATE_INFOPLIST_FILE = YES;
				MARKETING_VERSION = 1.0;
				PRODUCT_BUNDLE_IDENTIFIER = net.jeanetienne.OrionChallengeUITests;
				PRODUCT_NAME = "$(TARGET_NAME)";
				SWIFT_EMIT_LOC_STRINGS = NO;
				SWIFT_VERSION = 5.0;
				TARGETED_DEVICE_FAMILY = "1,2";
				TEST_TARGET_NAME = OrionChallenge;
			};
			name = Release;
		};
/* End XCBuildConfiguration section */

/* Begin XCConfigurationList section */
		F7F726C72CFDB4390080593D /* Build configuration list for PBXProject "OrionChallenge" */ = {
			isa = XCConfigurationList;
			buildConfigurations = (
				F7F726F82CFDB43B0080593D /* Debug */,
				F7F726F92CFDB43B0080593D /* Release */,
			);
			defaultConfigurationIsVisible = 0;
			defaultConfigurationName = Release;
		};
		F7F726F52CFDB43B0080593D /* Build configuration list for PBXNativeTarget "OrionChallenge" */ = {
			isa = XCConfigurationList;
			buildConfigurations = (
				F7F726F62CFDB43B0080593D /* Debug */,
				F7F726F72CFDB43B0080593D /* Release */,
			);
			defaultConfigurationIsVisible = 0;
			defaultConfigurationName = Release;
		};
		F7F726FA2CFDB43B0080593D /* Build configuration list for PBXNativeTarget "OrionChallengeTests" */ = {
			isa = XCConfigurationList;
			buildConfigurations = (
				F7F726FB2CFDB43B0080593D /* Debug */,
				F7F726FC2CFDB43B0080593D /* Release */,
			);
			defaultConfigurationIsVisible = 0;
			defaultConfigurationName = Release;
		};
		F7F726FD2CFDB43B0080593D /* Build configuration list for PBXNativeTarget "OrionChallengeUITests" */ = {
			isa = XCConfigurationList;
			buildConfigurations = (
				F7F726FE2CFDB43B0080593D /* Debug */,
				F7F726FF2CFDB43B0080593D /* Release */,
			);
			defaultConfigurationIsVisible = 0;
			defaultConfigurationName = Release;
		};
/* End XCConfigurationList section */
	};
	rootObject = F7F726C42CFDB4390080593D /* Project object */;
}
